
Microsoft Visual Studio Solution File, Format Version 12.00
# Visual Studio Version 17
VisualStudioVersion = 17.14.36429.23 d17.14
MinimumVisualStudioVersion = 10.0.40219.1
Project("{8BC9CEB8-8B4A-11D0-8D11-00A0C91BC942}") = "Exercise 29 Static Member Variable", "Exercise 29 Static Member Variable\Exercise 29 Static Member Variable.vcxproj", "{25D50157-7D5F-459D-9EB2-113BAAA742DA}"
EndProject
Global
	GlobalSection(SolutionConfigurationPlatforms) = preSolution
		Debug|x64 = Debug|x64
		Debug|x86 = Debug|x86
		Release|x64 = Release|x64
		Release|x86 = Release|x86
	EndGlobalSection
	GlobalSection(ProjectConfigurationPlatforms) = postSolution
		{25D50157-7D5F-459D-9EB2-113BAAA742DA}.Debug|x64.ActiveCfg = Debug|x64
		{25D50157-7D5F-459D-9EB2-113BAAA742DA}.Debug|x64.Build.0 = Debug|x64
		{25D50157-7D5F-459D-9EB2-113BAAA742DA}.Debug|x86.ActiveCfg = Debug|Win32
		{25D50157-7D5F-459D-9EB2-113BAAA742DA}.Debug|x86.Build.0 = Debug|Win32
		{25D50157-7D5F-459D-9EB2-113BAAA742DA}.Release|x64.ActiveCfg = Release|x64
		{25D50157-7D5F-459D-9EB2-113BAAA742DA}.Release|x64.Build.0 = Release|x64
		{25D50157-7D5F-459D-9EB2-113BAAA742DA}.Release|x86.ActiveCfg = Release|Win32
		{25D50157-7D5F-459D-9EB2-113BAAA742DA}.Release|x86.Build.0 = Release|Win32
	EndGlobalSection
	GlobalSection(SolutionProperties) = preSolution
		HideSolutionNode = FALSE
	EndGlobalSection
	GlobalSection(ExtensibilityGlobals) = postSolution
		SolutionGuid = {6BB41469-2F8D-498B-8A06-E4EA93EBB983}
	EndGlobalSection
EndGlobal
