
Microsoft Visual Studio Solution File, Format Version 12.00
# Visual Studio Version 17
VisualStudioVersion = 17.14.36429.23 d17.14
MinimumVisualStudioVersion = 10.0.40219.1
Project("{8BC9CEB8-8B4A-11D0-8D11-00A0C91BC942}") = "Exercise 2 Car", "Exercise 2 Car\Exercise 2 Car.vcxproj", "{513AA969-7EAF-47EB-A780-E0800F5FA0FF}"
EndProject
Global
	GlobalSection(SolutionConfigurationPlatforms) = preSolution
		Debug|x64 = Debug|x64
		Debug|x86 = Debug|x86
		Release|x64 = Release|x64
		Release|x86 = Release|x86
	EndGlobalSection
	GlobalSection(ProjectConfigurationPlatforms) = postSolution
		{513AA969-7EAF-47EB-A780-E0800F5FA0FF}.Debug|x64.ActiveCfg = Debug|x64
		{513AA969-7EAF-47EB-A780-E0800F5FA0FF}.Debug|x64.Build.0 = Debug|x64
		{513AA969-7EAF-47EB-A780-E0800F5FA0FF}.Debug|x86.ActiveCfg = Debug|Win32
		{513AA969-7EAF-47EB-A780-E0800F5FA0FF}.Debug|x86.Build.0 = Debug|Win32
		{513AA969-7EAF-47EB-A780-E0800F5FA0FF}.Release|x64.ActiveCfg = Release|x64
		{513AA969-7EAF-47EB-A780-E0800F5FA0FF}.Release|x64.Build.0 = Release|x64
		{513AA969-7EAF-47EB-A780-E0800F5FA0FF}.Release|x86.ActiveCfg = Release|Win32
		{513AA969-7EAF-47EB-A780-E0800F5FA0FF}.Release|x86.Build.0 = Release|Win32
	EndGlobalSection
	GlobalSection(SolutionProperties) = preSolution
		HideSolutionNode = FALSE
	EndGlobalSection
	GlobalSection(ExtensibilityGlobals) = postSolution
		SolutionGuid = {A3BC540C-D0A4-4B7C-B567-461466DB14D2}
	EndGlobalSection
EndGlobal
